PODS:
  - Alamofire (5.6.1)
  - Realm (10.25.2):
    - Realm/Headers (= 10.25.2)
  - Realm/Headers (10.25.2)
  - RealmSwift (10.25.2):
    - Realm (= 10.25.2)
  - SwiftKeychainWrapper (4.0.1)

DEPENDENCIES:
  - Alamofire (= 5.6.1)
  - RealmSwift (~> 10)
  - SwiftKeychainWrapper

SPEC REPOS:
  trunk:
    - Alamofire
    - Realm
    - RealmSwift
    - SwiftKeychainWrapper

SPEC CHECKSUMS:
  Alamofire: 87bd8c952f9a4454320fce00d9cc3de57bcadaf5
  Realm: 978303663d0509166498f423d112e5ee97d4c91b
  RealmSwift: a0c30c1efc49e928a0a6f8fb141bb2629616d79b
  SwiftKeychainWrapper: 807ba1d63c33a7d0613288512399cd1eda1e470c

PODFILE CHECKSUM: 82a05f15249374260c46536878f66456a1a35259

COCOAPODS: 1.11.3
