// !$*UTF8*$!
{
	archiveVersion = 1;
	classes = {
	};
	objectVersion = 55;
	objects = {

/* Begin PBXBuildFile section */
		491A1C2027F4B734009287E2 /* LevFedorov.jpg in Resources */ = {isa = PBXBuildFile; fileRef = 491A1C1127F4B734009287E2 /* LevFedorov.jpg */; };
		491A1C2127F4B734009287E2 /* JohnSmith.jpg in Resources */ = {isa = PBXBuildFile; fileRef = 491A1C1227F4B734009287E2 /* JohnSmith.jpg */; };
		491A1C2227F4B734009287E2 /* Mom.jpg in Resources */ = {isa = PBXBuildFile; fileRef = 491A1C1327F4B734009287E2 /* Mom.jpg */; };
		491A1C2327F4B734009287E2 /* photoWomanSecond.jpg in Resources */ = {isa = PBXBuildFile; fileRef = 491A1C1427F4B734009287E2 /* photoWomanSecond.jpg */; };
		491A1C2427F4B734009287E2 /* OlgaVinokyrova.jpg in Resources */ = {isa = PBXBuildFile; fileRef = 491A1C1527F4B734009287E2 /* OlgaVinokyrova.jpg */; };
		491A1C2527F4B734009287E2 /* photoSecond.jpg in Resources */ = {isa = PBXBuildFile; fileRef = 491A1C1627F4B734009287E2 /* photoSecond.jpg */; };
		491A1C2627F4B734009287E2 /* photoThird.jpg in Resources */ = {isa = PBXBuildFile; fileRef = 491A1C1727F4B734009287E2 /* photoThird.jpg */; };
		491A1C2727F4B734009287E2 /* photoFourth.jpg in Resources */ = {isa = PBXBuildFile; fileRef = 491A1C1827F4B734009287E2 /* photoFourth.jpg */; };
		491A1C2827F4B734009287E2 /* MironAbduraid.jpg in Resources */ = {isa = PBXBuildFile; fileRef = 491A1C1927F4B734009287E2 /* MironAbduraid.jpg */; };
		491A1C2927F4B734009287E2 /* photoWoman.jpg in Resources */ = {isa = PBXBuildFile; fileRef = 491A1C1A27F4B734009287E2 /* photoWoman.jpg */; };
		491A1C2A27F4B734009287E2 /* LiliaZimina.jpg in Resources */ = {isa = PBXBuildFile; fileRef = 491A1C1B27F4B734009287E2 /* LiliaZimina.jpg */; };
		491A1C2B27F4B734009287E2 /* AndyHopkins.jpg in Resources */ = {isa = PBXBuildFile; fileRef = 491A1C1C27F4B734009287E2 /* AndyHopkins.jpg */; };
		491A1C2C27F4B734009287E2 /* EvaDenisova.jpg in Resources */ = {isa = PBXBuildFile; fileRef = 491A1C1D27F4B734009287E2 /* EvaDenisova.jpg */; };
		491A1C2D27F4B734009287E2 /* AlexandrKuznetsov.jpg in Resources */ = {isa = PBXBuildFile; fileRef = 491A1C1E27F4B734009287E2 /* AlexandrKuznetsov.jpg */; };
		491A1C2E27F4B734009287E2 /* photoWomanThird.jpg in Resources */ = {isa = PBXBuildFile; fileRef = 491A1C1F27F4B734009287E2 /* photoWomanThird.jpg */; };
		491A1C5127F4B8FC009287E2 /* NonAvatar.jpg in Resources */ = {isa = PBXBuildFile; fileRef = 491A1C5027F4B8FC009287E2 /* NonAvatar.jpg */; };
		491A1C8327F4BEF7009287E2 /* FloristyForBeginners.jpg in Resources */ = {isa = PBXBuildFile; fileRef = 491A1C7827F4BEF7009287E2 /* FloristyForBeginners.jpg */; };
		491A1C8427F4BEF7009287E2 /* BlackHawksBasketBallTeam.jpg in Resources */ = {isa = PBXBuildFile; fileRef = 491A1C7927F4BEF7009287E2 /* BlackHawksBasketBallTeam.jpg */; };
		491A1C8527F4BEF7009287E2 /* RingsToOrder.jpg in Resources */ = {isa = PBXBuildFile; fileRef = 491A1C7A27F4BEF7009287E2 /* RingsToOrder.jpg */; };
		491A1C8627F4BEF7009287E2 /* RaftingOnRivers.jpg in Resources */ = {isa = PBXBuildFile; fileRef = 491A1C7B27F4BEF7009287E2 /* RaftingOnRivers.jpg */; };
		491A1C8727F4BEF7009287E2 /* AmusementParkAndromedia.jpg in Resources */ = {isa = PBXBuildFile; fileRef = 491A1C7C27F4BEF7009287E2 /* AmusementParkAndromedia.jpg */; };
		491A1C8827F4BEF7009287E2 /* MoscowPhotographers.jpg in Resources */ = {isa = PBXBuildFile; fileRef = 491A1C7D27F4BEF7009287E2 /* MoscowPhotographers.jpg */; };
		491A1C8927F4BEF7009287E2 /* HandMadeStories.jpg in Resources */ = {isa = PBXBuildFile; fileRef = 491A1C7E27F4BEF7009287E2 /* HandMadeStories.jpg */; };
		491A1C8A27F4BEF7009287E2 /* DIYOrCozyHome.jpg in Resources */ = {isa = PBXBuildFile; fileRef = 491A1C7F27F4BEF7009287E2 /* DIYOrCozyHome.jpg */; };
		491A1C8B27F4BEF7009287E2 /* ClayCrafting.jpg in Resources */ = {isa = PBXBuildFile; fileRef = 491A1C8027F4BEF7009287E2 /* ClayCrafting.jpg */; };
		491A1C8C27F4BEF7009287E2 /* NewWorldArtists.jpg in Resources */ = {isa = PBXBuildFile; fileRef = 491A1C8127F4BEF7009287E2 /* NewWorldArtists.jpg */; };
		491A1C8D27F4BEF7009287E2 /* GeekComputerClub.jpg in Resources */ = {isa = PBXBuildFile; fileRef = 491A1C8227F4BEF7009287E2 /* GeekComputerClub.jpg */; };
		491A1C9327F4CAF0009287E2 /* PreviewScaledImageView.swift in Sources */ = {isa = PBXBuildFile; fileRef = 491A1C9227F4CAF0009287E2 /* PreviewScaledImageView.swift */; };
		492A94B728007CB30059C9BE /* Photo.swift in Sources */ = {isa = PBXBuildFile; fileRef = 492A94B628007CB30059C9BE /* Photo.swift */; };
		492A94B928008DEE0059C9BE /* GrouppedFriends.swift in Sources */ = {isa = PBXBuildFile; fileRef = 492A94B828008DEE0059C9BE /* GrouppedFriends.swift */; };
		492A94BB2801AE850059C9BE /* NewsTableViewCell.swift in Sources */ = {isa = PBXBuildFile; fileRef = 492A94BA2801AE850059C9BE /* NewsTableViewCell.swift */; };
		492A94BD2801AEB40059C9BE /* NewsTableViewController.swift in Sources */ = {isa = PBXBuildFile; fileRef = 492A94BC2801AEB40059C9BE /* NewsTableViewController.swift */; };
		492A94BF2801C6D10059C9BE /* News.swift in Sources */ = {isa = PBXBuildFile; fileRef = 492A94BE2801C6D10059C9BE /* News.swift */; };
		492C372A280345D400BEA637 /* DownloadIndicatorView.xib in Resources */ = {isa = PBXBuildFile; fileRef = 492C3728280345D400BEA637 /* DownloadIndicatorView.xib */; };
		492C372C2803476400BEA637 /* DownloadIndicatorView.swift in Sources */ = {isa = PBXBuildFile; fileRef = 492C372B2803476400BEA637 /* DownloadIndicatorView.swift */; };
		494CD6B828154CAF00250A56 /* CloudView.swift in Sources */ = {isa = PBXBuildFile; fileRef = 494CD6B728154CAF00250A56 /* CloudView.swift */; };
		49793EB227FAFCBB0091478A /* PhotoView.swift in Sources */ = {isa = PBXBuildFile; fileRef = 49793EB127FAFCBB0091478A /* PhotoView.swift */; };
		497A2CE7281822990009AA9A /* TransitionAnimation.swift in Sources */ = {isa = PBXBuildFile; fileRef = 497A2CE6281822990009AA9A /* TransitionAnimation.swift */; };
		497A2CEB28195D0C0009AA9A /* AnimationNavigationController.swift in Sources */ = {isa = PBXBuildFile; fileRef = 497A2CEA28195D0C0009AA9A /* AnimationNavigationController.swift */; };
		497A2CED28195DBF0009AA9A /* InteractiveTransitionDriven.swift in Sources */ = {isa = PBXBuildFile; fileRef = 497A2CEC28195DBF0009AA9A /* InteractiveTransitionDriven.swift */; };
		4984269527F5F4700078A50C /* GroupsTableViewController.swift in Sources */ = {isa = PBXBuildFile; fileRef = 4984269427F5F4700078A50C /* GroupsTableViewController.swift */; };
		4984269727F5F4B70078A50C /* SearchGroupTableViewController.swift in Sources */ = {isa = PBXBuildFile; fileRef = 4984269627F5F4B70078A50C /* SearchGroupTableViewController.swift */; };
		4984269927F5FAF30078A50C /* GroupTableViewCell.swift in Sources */ = {isa = PBXBuildFile; fileRef = 4984269827F5FAF30078A50C /* GroupTableViewCell.swift */; };
		4984269B27F5FC070078A50C /* SearchGroupTableViewCell.swift in Sources */ = {isa = PBXBuildFile; fileRef = 4984269A27F5FC070078A50C /* SearchGroupTableViewCell.swift */; };
		498C292027F333160058EAE7 /* User.swift in Sources */ = {isa = PBXBuildFile; fileRef = 498C291F27F333160058EAE7 /* User.swift */; };
		498C292227F3340E0058EAE7 /* Group.swift in Sources */ = {isa = PBXBuildFile; fileRef = 498C292127F3340E0058EAE7 /* Group.swift */; };
		498C292427F3358F0058EAE7 /* FriendsTableViewCell.swift in Sources */ = {isa = PBXBuildFile; fileRef = 498C292327F3358F0058EAE7 /* FriendsTableViewCell.swift */; };
		498C292627F34F130058EAE7 /* FriendPhotosCollectionViewController.swift in Sources */ = {isa = PBXBuildFile; fileRef = 498C292527F34F130058EAE7 /* FriendPhotosCollectionViewController.swift */; };
		498C292A27F353970058EAE7 /* FriendPhotoCollectionViewCell.swift in Sources */ = {isa = PBXBuildFile; fileRef = 498C292927F353970058EAE7 /* FriendPhotoCollectionViewCell.swift */; };
		498F321F27F32E1400FE7EC9 /* FriendsTableViewController.swift in Sources */ = {isa = PBXBuildFile; fileRef = 498F321E27F32E1400FE7EC9 /* FriendsTableViewController.swift */; };
		49B4237927F1C2EB0038EABE /* CircularPreviewImageView.swift in Sources */ = {isa = PBXBuildFile; fileRef = 49B4237827F1C2EB0038EABE /* CircularPreviewImageView.swift */; };
		49BC8FF2280D76EB005469EA /* FullScreenUserPhoto.swift in Sources */ = {isa = PBXBuildFile; fileRef = 49BC8FF1280D76EB005469EA /* FullScreenUserPhoto.swift */; };
		49D90B7627DA65BE0048866B /* AppDelegate.swift in Sources */ = {isa = PBXBuildFile; fileRef = 49D90B7527DA65BE0048866B /* AppDelegate.swift */; };
		49D90B7827DA65BE0048866B /* SceneDelegate.swift in Sources */ = {isa = PBXBuildFile; fileRef = 49D90B7727DA65BE0048866B /* SceneDelegate.swift */; };
		49D90B7A27DA65BE0048866B /* LoginViewController.swift in Sources */ = {isa = PBXBuildFile; fileRef = 49D90B7927DA65BE0048866B /* LoginViewController.swift */; };
		49D90B7D27DA65BE0048866B /* Main.storyboard in Resources */ = {isa = PBXBuildFile; fileRef = 49D90B7B27DA65BE0048866B /* Main.storyboard */; };
		49D90B7F27DA65C00048866B /* Assets.xcassets in Resources */ = {isa = PBXBuildFile; fileRef = 49D90B7E27DA65C00048866B /* Assets.xcassets */; };
		49D90B8227DA65C00048866B /* LaunchScreen.storyboard in Resources */ = {isa = PBXBuildFile; fileRef = 49D90B8027DA65C00048866B /* LaunchScreen.storyboard */; };
		49D9AAF8281A862600C6A4B7 /* Session.swift in Sources */ = {isa = PBXBuildFile; fileRef = 49D9AAF7281A862600C6A4B7 /* Session.swift */; };
		49E3C50927FB0968001CFED4 /* ShadowView.swift in Sources */ = {isa = PBXBuildFile; fileRef = 49E3C50827FB0968001CFED4 /* ShadowView.swift */; };
		49E3C50B27FB27B3001CFED4 /* LikeControl.swift in Sources */ = {isa = PBXBuildFile; fileRef = 49E3C50A27FB27B3001CFED4 /* LikeControl.swift */; };
		49FF92272807263400ED648A /* CustomSearchBarView.swift in Sources */ = {isa = PBXBuildFile; fileRef = 49FF92262807263400ED648A /* CustomSearchBarView.swift */; };
		49FF922B28072D8300ED648A /* CustomSearchBarView.xib in Resources */ = {isa = PBXBuildFile; fileRef = 49FF922928072D8300ED648A /* CustomSearchBarView.xib */; };
		54E6C53814325595994158B7 /* Pods_VKApp.framework in Frameworks */ = {isa = PBXBuildFile; fileRef = 0D166F0789A96ABC7D75F1DB /* Pods_VKApp.framework */; };
/* End PBXBuildFile section */

/* Begin PBXFileReference section */
		0BF30E29578E494AC9DF68D0 /* Pods-VKApp.debug.xcconfig */ = {isa = PBXFileReference; includeInIndex = 1; lastKnownFileType = text.xcconfig; name = "Pods-VKApp.debug.xcconfig"; path = "Target Support Files/Pods-VKApp/Pods-VKApp.debug.xcconfig"; sourceTree = "<group>"; };
		0D166F0789A96ABC7D75F1DB /* Pods_VKApp.framework */ = {isa = PBXFileReference; explicitFileType = wrapper.framework; includeInIndex = 0; path = Pods_VKApp.framework; sourceTree = BUILT_PRODUCTS_DIR; };
		491A1C1127F4B734009287E2 /* LevFedorov.jpg */ = {isa = PBXFileReference; lastKnownFileType = image.jpeg; path = LevFedorov.jpg; sourceTree = "<group>"; };
		491A1C1227F4B734009287E2 /* JohnSmith.jpg */ = {isa = PBXFileReference; lastKnownFileType = image.jpeg; path = JohnSmith.jpg; sourceTree = "<group>"; };
		491A1C1327F4B734009287E2 /* Mom.jpg */ = {isa = PBXFileReference; lastKnownFileType = image.jpeg; path = Mom.jpg; sourceTree = "<group>"; };
		491A1C1427F4B734009287E2 /* photoWomanSecond.jpg */ = {isa = PBXFileReference; lastKnownFileType = image.jpeg; path = photoWomanSecond.jpg; sourceTree = "<group>"; };
		491A1C1527F4B734009287E2 /* OlgaVinokyrova.jpg */ = {isa = PBXFileReference; lastKnownFileType = image.jpeg; path = OlgaVinokyrova.jpg; sourceTree = "<group>"; };
		491A1C1627F4B734009287E2 /* photoSecond.jpg */ = {isa = PBXFileReference; lastKnownFileType = image.jpeg; path = photoSecond.jpg; sourceTree = "<group>"; };
		491A1C1727F4B734009287E2 /* photoThird.jpg */ = {isa = PBXFileReference; lastKnownFileType = image.jpeg; path = photoThird.jpg; sourceTree = "<group>"; };
		491A1C1827F4B734009287E2 /* photoFourth.jpg */ = {isa = PBXFileReference; lastKnownFileType = image.jpeg; path = photoFourth.jpg; sourceTree = "<group>"; };
		491A1C1927F4B734009287E2 /* MironAbduraid.jpg */ = {isa = PBXFileReference; lastKnownFileType = image.jpeg; path = MironAbduraid.jpg; sourceTree = "<group>"; };
		491A1C1A27F4B734009287E2 /* photoWoman.jpg */ = {isa = PBXFileReference; lastKnownFileType = image.jpeg; path = photoWoman.jpg; sourceTree = "<group>"; };
		491A1C1B27F4B734009287E2 /* LiliaZimina.jpg */ = {isa = PBXFileReference; lastKnownFileType = image.jpeg; path = LiliaZimina.jpg; sourceTree = "<group>"; };
		491A1C1C27F4B734009287E2 /* AndyHopkins.jpg */ = {isa = PBXFileReference; lastKnownFileType = image.jpeg; path = AndyHopkins.jpg; sourceTree = "<group>"; };
		491A1C1D27F4B734009287E2 /* EvaDenisova.jpg */ = {isa = PBXFileReference; lastKnownFileType = image.jpeg; path = EvaDenisova.jpg; sourceTree = "<group>"; };
		491A1C1E27F4B734009287E2 /* AlexandrKuznetsov.jpg */ = {isa = PBXFileReference; lastKnownFileType = image.jpeg; path = AlexandrKuznetsov.jpg; sourceTree = "<group>"; };
		491A1C1F27F4B734009287E2 /* photoWomanThird.jpg */ = {isa = PBXFileReference; lastKnownFileType = image.jpeg; path = photoWomanThird.jpg; sourceTree = "<group>"; };
		491A1C5027F4B8FC009287E2 /* NonAvatar.jpg */ = {isa = PBXFileReference; lastKnownFileType = image.jpeg; path = NonAvatar.jpg; sourceTree = "<group>"; };
		491A1C7827F4BEF7009287E2 /* FloristyForBeginners.jpg */ = {isa = PBXFileReference; lastKnownFileType = image.jpeg; name = FloristyForBeginners.jpg; path = VKApp/Resources/Photos/FloristyForBeginners.jpg; sourceTree = SOURCE_ROOT; };
		491A1C7927F4BEF7009287E2 /* BlackHawksBasketBallTeam.jpg */ = {isa = PBXFileReference; lastKnownFileType = image.jpeg; name = BlackHawksBasketBallTeam.jpg; path = VKApp/Resources/Photos/BlackHawksBasketBallTeam.jpg; sourceTree = SOURCE_ROOT; };
		491A1C7A27F4BEF7009287E2 /* RingsToOrder.jpg */ = {isa = PBXFileReference; lastKnownFileType = image.jpeg; name = RingsToOrder.jpg; path = VKApp/Resources/Photos/RingsToOrder.jpg; sourceTree = SOURCE_ROOT; };
		491A1C7B27F4BEF7009287E2 /* RaftingOnRivers.jpg */ = {isa = PBXFileReference; lastKnownFileType = image.jpeg; name = RaftingOnRivers.jpg; path = VKApp/Resources/Photos/RaftingOnRivers.jpg; sourceTree = SOURCE_ROOT; };
		491A1C7C27F4BEF7009287E2 /* AmusementParkAndromedia.jpg */ = {isa = PBXFileReference; lastKnownFileType = image.jpeg; name = AmusementParkAndromedia.jpg; path = VKApp/Resources/Photos/AmusementParkAndromedia.jpg; sourceTree = SOURCE_ROOT; };
		491A1C7D27F4BEF7009287E2 /* MoscowPhotographers.jpg */ = {isa = PBXFileReference; lastKnownFileType = image.jpeg; name = MoscowPhotographers.jpg; path = VKApp/Resources/Photos/MoscowPhotographers.jpg; sourceTree = SOURCE_ROOT; };
		491A1C7E27F4BEF7009287E2 /* HandMadeStories.jpg */ = {isa = PBXFileReference; lastKnownFileType = image.jpeg; name = HandMadeStories.jpg; path = VKApp/Resources/Photos/HandMadeStories.jpg; sourceTree = SOURCE_ROOT; };
		491A1C7F27F4BEF7009287E2 /* DIYOrCozyHome.jpg */ = {isa = PBXFileReference; lastKnownFileType = image.jpeg; name = DIYOrCozyHome.jpg; path = VKApp/Resources/Photos/DIYOrCozyHome.jpg; sourceTree = SOURCE_ROOT; };
		491A1C8027F4BEF7009287E2 /* ClayCrafting.jpg */ = {isa = PBXFileReference; lastKnownFileType = image.jpeg; name = ClayCrafting.jpg; path = VKApp/Resources/Photos/ClayCrafting.jpg; sourceTree = SOURCE_ROOT; };
		491A1C8127F4BEF7009287E2 /* NewWorldArtists.jpg */ = {isa = PBXFileReference; lastKnownFileType = image.jpeg; name = NewWorldArtists.jpg; path = VKApp/Resources/Photos/NewWorldArtists.jpg; sourceTree = SOURCE_ROOT; };
		491A1C8227F4BEF7009287E2 /* GeekComputerClub.jpg */ = {isa = PBXFileReference; lastKnownFileType = image.jpeg; name = GeekComputerClub.jpg; path = VKApp/Resources/Photos/GeekComputerClub.jpg; sourceTree = SOURCE_ROOT; };
		491A1C9227F4CAF0009287E2 /* PreviewScaledImageView.swift */ = {isa = PBXFileReference; lastKnownFileType = sourcecode.swift; path = PreviewScaledImageView.swift; sourceTree = "<group>"; };
		492A94B628007CB30059C9BE /* Photo.swift */ = {isa = PBXFileReference; lastKnownFileType = sourcecode.swift; path = Photo.swift; sourceTree = "<group>"; };
		492A94B828008DEE0059C9BE /* GrouppedFriends.swift */ = {isa = PBXFileReference; lastKnownFileType = sourcecode.swift; path = GrouppedFriends.swift; sourceTree = "<group>"; };
		492A94BA2801AE850059C9BE /* NewsTableViewCell.swift */ = {isa = PBXFileReference; lastKnownFileType = sourcecode.swift; path = NewsTableViewCell.swift; sourceTree = "<group>"; };
		492A94BC2801AEB40059C9BE /* NewsTableViewController.swift */ = {isa = PBXFileReference; lastKnownFileType = sourcecode.swift; path = NewsTableViewController.swift; sourceTree = "<group>"; };
		492A94BE2801C6D10059C9BE /* News.swift */ = {isa = PBXFileReference; lastKnownFileType = sourcecode.swift; path = News.swift; sourceTree = "<group>"; };
		492C3728280345D400BEA637 /* DownloadIndicatorView.xib */ = {isa = PBXFileReference; lastKnownFileType = file.xib; path = DownloadIndicatorView.xib; sourceTree = "<group>"; };
		492C372B2803476400BEA637 /* DownloadIndicatorView.swift */ = {isa = PBXFileReference; lastKnownFileType = sourcecode.swift; path = DownloadIndicatorView.swift; sourceTree = "<group>"; };
		494CD6B728154CAF00250A56 /* CloudView.swift */ = {isa = PBXFileReference; lastKnownFileType = sourcecode.swift; path = CloudView.swift; sourceTree = "<group>"; };
		49793EB127FAFCBB0091478A /* PhotoView.swift */ = {isa = PBXFileReference; lastKnownFileType = sourcecode.swift; path = PhotoView.swift; sourceTree = "<group>"; };
		497A2CE6281822990009AA9A /* TransitionAnimation.swift */ = {isa = PBXFileReference; lastKnownFileType = sourcecode.swift; path = TransitionAnimation.swift; sourceTree = "<group>"; };
		497A2CEA28195D0C0009AA9A /* AnimationNavigationController.swift */ = {isa = PBXFileReference; lastKnownFileType = sourcecode.swift; path = AnimationNavigationController.swift; sourceTree = "<group>"; };
		497A2CEC28195DBF0009AA9A /* InteractiveTransitionDriven.swift */ = {isa = PBXFileReference; lastKnownFileType = sourcecode.swift; path = InteractiveTransitionDriven.swift; sourceTree = "<group>"; };
		4984269427F5F4700078A50C /* GroupsTableViewController.swift */ = {isa = PBXFileReference; lastKnownFileType = sourcecode.swift; path = GroupsTableViewController.swift; sourceTree = "<group>"; };
		4984269627F5F4B70078A50C /* SearchGroupTableViewController.swift */ = {isa = PBXFileReference; lastKnownFileType = sourcecode.swift; path = SearchGroupTableViewController.swift; sourceTree = "<group>"; };
		4984269827F5FAF30078A50C /* GroupTableViewCell.swift */ = {isa = PBXFileReference; lastKnownFileType = sourcecode.swift; path = GroupTableViewCell.swift; sourceTree = "<group>"; };
		4984269A27F5FC070078A50C /* SearchGroupTableViewCell.swift */ = {isa = PBXFileReference; lastKnownFileType = sourcecode.swift; path = SearchGroupTableViewCell.swift; sourceTree = "<group>"; };
		498C291F27F333160058EAE7 /* User.swift */ = {isa = PBXFileReference; lastKnownFileType = sourcecode.swift; path = User.swift; sourceTree = "<group>"; };
		498C292127F3340E0058EAE7 /* Group.swift */ = {isa = PBXFileReference; lastKnownFileType = sourcecode.swift; path = Group.swift; sourceTree = "<group>"; };
		498C292327F3358F0058EAE7 /* FriendsTableViewCell.swift */ = {isa = PBXFileReference; lastKnownFileType = sourcecode.swift; path = FriendsTableViewCell.swift; sourceTree = "<group>"; };
		498C292527F34F130058EAE7 /* FriendPhotosCollectionViewController.swift */ = {isa = PBXFileReference; lastKnownFileType = sourcecode.swift; path = FriendPhotosCollectionViewController.swift; sourceTree = "<group>"; };
		498C292927F353970058EAE7 /* FriendPhotoCollectionViewCell.swift */ = {isa = PBXFileReference; lastKnownFileType = sourcecode.swift; path = FriendPhotoCollectionViewCell.swift; sourceTree = "<group>"; };
		498F321E27F32E1400FE7EC9 /* FriendsTableViewController.swift */ = {isa = PBXFileReference; lastKnownFileType = sourcecode.swift; path = FriendsTableViewController.swift; sourceTree = "<group>"; };
		49B4237827F1C2EB0038EABE /* CircularPreviewImageView.swift */ = {isa = PBXFileReference; lastKnownFileType = sourcecode.swift; path = CircularPreviewImageView.swift; sourceTree = "<group>"; };
		49BC8FF1280D76EB005469EA /* FullScreenUserPhoto.swift */ = {isa = PBXFileReference; lastKnownFileType = sourcecode.swift; path = FullScreenUserPhoto.swift; sourceTree = "<group>"; };
		49D90B7227DA65BE0048866B /* VKApp.app */ = {isa = PBXFileReference; explicitFileType = wrapper.application; includeInIndex = 0; path = VKApp.app; sourceTree = BUILT_PRODUCTS_DIR; };
		49D90B7527DA65BE0048866B /* AppDelegate.swift */ = {isa = PBXFileReference; lastKnownFileType = sourcecode.swift; path = AppDelegate.swift; sourceTree = "<group>"; };
		49D90B7727DA65BE0048866B /* SceneDelegate.swift */ = {isa = PBXFileReference; lastKnownFileType = sourcecode.swift; path = SceneDelegate.swift; sourceTree = "<group>"; };
		49D90B7927DA65BE0048866B /* LoginViewController.swift */ = {isa = PBXFileReference; lastKnownFileType = sourcecode.swift; path = LoginViewController.swift; sourceTree = "<group>"; };
		49D90B7C27DA65BE0048866B /* Base */ = {isa = PBXFileReference; lastKnownFileType = file.storyboard; name = Base; path = Base.lproj/Main.storyboard; sourceTree = "<group>"; };
		49D90B7E27DA65C00048866B /* Assets.xcassets */ = {isa = PBXFileReference; lastKnownFileType = folder.assetcatalog; path = Assets.xcassets; sourceTree = "<group>"; };
		49D90B8127DA65C00048866B /* Base */ = {isa = PBXFileReference; lastKnownFileType = file.storyboard; name = Base; path = Base.lproj/LaunchScreen.storyboard; sourceTree = "<group>"; };
		49D90B8327DA65C00048866B /* Info.plist */ = {isa = PBXFileReference; lastKnownFileType = text.plist.xml; path = Info.plist; sourceTree = "<group>"; };
		49D9AAF7281A862600C6A4B7 /* Session.swift */ = {isa = PBXFileReference; lastKnownFileType = sourcecode.swift; path = Session.swift; sourceTree = "<group>"; };
		49E3C50827FB0968001CFED4 /* ShadowView.swift */ = {isa = PBXFileReference; lastKnownFileType = sourcecode.swift; path = ShadowView.swift; sourceTree = "<group>"; };
		49E3C50A27FB27B3001CFED4 /* LikeControl.swift */ = {isa = PBXFileReference; lastKnownFileType = sourcecode.swift; path = LikeControl.swift; sourceTree = "<group>"; };
		49FF92262807263400ED648A /* CustomSearchBarView.swift */ = {isa = PBXFileReference; lastKnownFileType = sourcecode.swift; name = CustomSearchBarView.swift; path = VKApp/Views/CustomSearchBarView.swift; sourceTree = SOURCE_ROOT; };
		49FF922928072D8300ED648A /* CustomSearchBarView.xib */ = {isa = PBXFileReference; lastKnownFileType = file.xib; path = CustomSearchBarView.xib; sourceTree = "<group>"; };
		5C11E822E5CA2AEAF4597E55 /* Pods-VKApp.release.xcconfig */ = {isa = PBXFileReference; includeInIndex = 1; lastKnownFileType = text.xcconfig; name = "Pods-VKApp.release.xcconfig"; path = "Target Support Files/Pods-VKApp/Pods-VKApp.release.xcconfig"; sourceTree = "<group>"; };
/* End PBXFileReference section */

/* Begin PBXFrameworksBuildPhase section */
		49D90B6F27DA65BE0048866B /* Frameworks */ = {
			isa = PBXFrameworksBuildPhase;
			buildActionMask = 2147483647;
			files = (
				54E6C53814325595994158B7 /* Pods_VKApp.framework in Frameworks */,
			);
			runOnlyForDeploymentPostprocessing = 0;
		};
/* End PBXFrameworksBuildPhase section */

/* Begin PBXGroup section */
		34891A72ED03218EDB11F415 /* Pods */ = {
			isa = PBXGroup;
			children = (
				0BF30E29578E494AC9DF68D0 /* Pods-VKApp.debug.xcconfig */,
				5C11E822E5CA2AEAF4597E55 /* Pods-VKApp.release.xcconfig */,
			);
			name = Pods;
			path = Pods;
			sourceTree = "<group>";
		};
		491A1C1027F4B734009287E2 /* Photos */ = {
			isa = PBXGroup;
			children = (
				491A1C7627F4BEAB009287E2 /* Groups */,
				491A1C5227F4BD85009287E2 /* Users */,
			);
			path = Photos;
			sourceTree = "<group>";
		};
		491A1C5227F4BD85009287E2 /* Users */ = {
			isa = PBXGroup;
			children = (
				491A1C1127F4B734009287E2 /* LevFedorov.jpg */,
				491A1C1227F4B734009287E2 /* JohnSmith.jpg */,
				491A1C1327F4B734009287E2 /* Mom.jpg */,
				491A1C1427F4B734009287E2 /* photoWomanSecond.jpg */,
				491A1C1527F4B734009287E2 /* OlgaVinokyrova.jpg */,
				491A1C1627F4B734009287E2 /* photoSecond.jpg */,
				491A1C1727F4B734009287E2 /* photoThird.jpg */,
				491A1C1827F4B734009287E2 /* photoFourth.jpg */,
				491A1C5027F4B8FC009287E2 /* NonAvatar.jpg */,
				491A1C1927F4B734009287E2 /* MironAbduraid.jpg */,
				491A1C1A27F4B734009287E2 /* photoWoman.jpg */,
				491A1C1B27F4B734009287E2 /* LiliaZimina.jpg */,
				491A1C1C27F4B734009287E2 /* AndyHopkins.jpg */,
				491A1C1D27F4B734009287E2 /* EvaDenisova.jpg */,
				491A1C1E27F4B734009287E2 /* AlexandrKuznetsov.jpg */,
				491A1C1F27F4B734009287E2 /* photoWomanThird.jpg */,
			);
			name = Users;
			sourceTree = "<group>";
		};
		491A1C7627F4BEAB009287E2 /* Groups */ = {
			isa = PBXGroup;
			children = (
				491A1C7C27F4BEF7009287E2 /* AmusementParkAndromedia.jpg */,
				491A1C7927F4BEF7009287E2 /* BlackHawksBasketBallTeam.jpg */,
				491A1C8027F4BEF7009287E2 /* ClayCrafting.jpg */,
				491A1C7F27F4BEF7009287E2 /* DIYOrCozyHome.jpg */,
				491A1C7827F4BEF7009287E2 /* FloristyForBeginners.jpg */,
				491A1C8227F4BEF7009287E2 /* GeekComputerClub.jpg */,
				491A1C7E27F4BEF7009287E2 /* HandMadeStories.jpg */,
				491A1C7D27F4BEF7009287E2 /* MoscowPhotographers.jpg */,
				491A1C8127F4BEF7009287E2 /* NewWorldArtists.jpg */,
				491A1C7B27F4BEF7009287E2 /* RaftingOnRivers.jpg */,
				491A1C7A27F4BEF7009287E2 /* RingsToOrder.jpg */,
			);
			name = Groups;
			sourceTree = "<group>";
		};
		494CD6B628154A9E00250A56 /* Storyboards */ = {
			isa = PBXGroup;
			children = (
				49FF922928072D8300ED648A /* CustomSearchBarView.xib */,
				492C3728280345D400BEA637 /* DownloadIndicatorView.xib */,
				49D90B8027DA65C00048866B /* LaunchScreen.storyboard */,
				49D90B7B27DA65BE0048866B /* Main.storyboard */,
			);
			name = Storyboards;
			sourceTree = "<group>";
		};
		498F321A27F32B0100FE7EC9 /* Models */ = {
			isa = PBXGroup;
			children = (
				498C292127F3340E0058EAE7 /* Group.swift */,
				492A94B828008DEE0059C9BE /* GrouppedFriends.swift */,
				492A94BE2801C6D10059C9BE /* News.swift */,
				492A94B628007CB30059C9BE /* Photo.swift */,
				498C291F27F333160058EAE7 /* User.swift */,
				49D9AAF7281A862600C6A4B7 /* Session.swift */,
			);
			path = Models;
			sourceTree = "<group>";
		};
		498F321B27F32B0E00FE7EC9 /* Views */ = {
			isa = PBXGroup;
			children = (
				494CD6B628154A9E00250A56 /* Storyboards */,
				49B4237827F1C2EB0038EABE /* CircularPreviewImageView.swift */,
				49FF92262807263400ED648A /* CustomSearchBarView.swift */,
				492C372B2803476400BEA637 /* DownloadIndicatorView.swift */,
				498C292927F353970058EAE7 /* FriendPhotoCollectionViewCell.swift */,
				498C292327F3358F0058EAE7 /* FriendsTableViewCell.swift */,
				4984269827F5FAF30078A50C /* GroupTableViewCell.swift */,
				49E3C50A27FB27B3001CFED4 /* LikeControl.swift */,
				492A94BA2801AE850059C9BE /* NewsTableViewCell.swift */,
				49793EB127FAFCBB0091478A /* PhotoView.swift */,
				491A1C9227F4CAF0009287E2 /* PreviewScaledImageView.swift */,
				4984269A27F5FC070078A50C /* SearchGroupTableViewCell.swift */,
				49E3C50827FB0968001CFED4 /* ShadowView.swift */,
				494CD6B728154CAF00250A56 /* CloudView.swift */,
			);
			path = Views;
			sourceTree = "<group>";
		};
		498F321C27F32B1600FE7EC9 /* Controllers */ = {
			isa = PBXGroup;
			children = (
				498C292527F34F130058EAE7 /* FriendPhotosCollectionViewController.swift */,
				498F321E27F32E1400FE7EC9 /* FriendsTableViewController.swift */,
				49BC8FF1280D76EB005469EA /* FullScreenUserPhoto.swift */,
				4984269427F5F4700078A50C /* GroupsTableViewController.swift */,
				49D90B7927DA65BE0048866B /* LoginViewController.swift */,
				492A94BC2801AEB40059C9BE /* NewsTableViewController.swift */,
				4984269627F5F4B70078A50C /* SearchGroupTableViewController.swift */,
				497A2CE6281822990009AA9A /* TransitionAnimation.swift */,
				497A2CEA28195D0C0009AA9A /* AnimationNavigationController.swift */,
				497A2CEC28195DBF0009AA9A /* InteractiveTransitionDriven.swift */,
			);
			path = Controllers;
			sourceTree = "<group>";
		};
		498F321D27F32B3F00FE7EC9 /* Resources */ = {
			isa = PBXGroup;
			children = (
				491A1C1027F4B734009287E2 /* Photos */,
				49D90B7E27DA65C00048866B /* Assets.xcassets */,
				49D90B8327DA65C00048866B /* Info.plist */,
			);
			path = Resources;
			sourceTree = "<group>";
		};
		49D90B6927DA65BE0048866B = {
			isa = PBXGroup;
			children = (
				49D90B7427DA65BE0048866B /* VKApp */,
				49D90B7327DA65BE0048866B /* Products */,
				34891A72ED03218EDB11F415 /* Pods */,
				A87103B156C79884E06820E0 /* Frameworks */,
			);
			sourceTree = "<group>";
		};
		49D90B7327DA65BE0048866B /* Products */ = {
			isa = PBXGroup;
			children = (
				49D90B7227DA65BE0048866B /* VKApp.app */,
			);
			name = Products;
			sourceTree = "<group>";
		};
		49D90B7427DA65BE0048866B /* VKApp */ = {
			isa = PBXGroup;
			children = (
				49D90B7527DA65BE0048866B /* AppDelegate.swift */,
				49D90B7727DA65BE0048866B /* SceneDelegate.swift */,
				498F321C27F32B1600FE7EC9 /* Controllers */,
				498F321B27F32B0E00FE7EC9 /* Views */,
				498F321A27F32B0100FE7EC9 /* Models */,
				498F321D27F32B3F00FE7EC9 /* Resources */,
			);
			path = VKApp;
			sourceTree = "<group>";
		};
		A87103B156C79884E06820E0 /* Frameworks */ = {
			isa = PBXGroup;
			children = (
				0D166F0789A96ABC7D75F1DB /* Pods_VKApp.framework */,
			);
			name = Frameworks;
			sourceTree = "<group>";
		};
/* End PBXGroup section */

/* Begin PBXNativeTarget section */
		49D90B7127DA65BE0048866B /* VKApp */ = {
			isa = PBXNativeTarget;
			buildConfigurationList = 49D90B8627DA65C00048866B /* Build configuration list for PBXNativeTarget "VKApp" */;
			buildPhases = (
				4BC51E00D8364235885B60A0 /* [CP] Check Pods Manifest.lock */,
				49D90B6E27DA65BE0048866B /* Sources */,
				49D90B6F27DA65BE0048866B /* Frameworks */,
				49D90B7027DA65BE0048866B /* Resources */,
				211FB9515EC6F5B65B2DDE98 /* [CP] Embed Pods Frameworks */,
			);
			buildRules = (
			);
			dependencies = (
			);
			name = VKApp;
			productName = VKApp;
			productReference = 49D90B7227DA65BE0048866B /* VKApp.app */;
			productType = "com.apple.product-type.application";
		};
/* End PBXNativeTarget section */

/* Begin PBXProject section */
		49D90B6A27DA65BE0048866B /* Project object */ = {
			isa = PBXProject;
			attributes = {
				BuildIndependentTargetsInParallel = 1;
				LastSwiftUpdateCheck = 1320;
				LastUpgradeCheck = 1320;
				TargetAttributes = {
					49D90B7127DA65BE0048866B = {
						CreatedOnToolsVersion = 13.2.1;
					};
				};
			};
			buildConfigurationList = 49D90B6D27DA65BE0048866B /* Build configuration list for PBXProject "VKApp" */;
			compatibilityVersion = "Xcode 13.0";
			developmentRegion = en;
			hasScannedForEncodings = 0;
			knownRegions = (
				en,
				Base,
			);
			mainGroup = 49D90B6927DA65BE0048866B;
			productRefGroup = 49D90B7327DA65BE0048866B /* Products */;
			projectDirPath = "";
			projectRoot = "";
			targets = (
				49D90B7127DA65BE0048866B /* VKApp */,
			);
		};
/* End PBXProject section */

/* Begin PBXResourcesBuildPhase section */
		49D90B7027DA65BE0048866B /* Resources */ = {
			isa = PBXResourcesBuildPhase;
			buildActionMask = 2147483647;
			files = (
				491A1C2B27F4B734009287E2 /* AndyHopkins.jpg in Resources */,
				49D90B8227DA65C00048866B /* LaunchScreen.storyboard in Resources */,
				491A1C8A27F4BEF7009287E2 /* DIYOrCozyHome.jpg in Resources */,
				491A1C2A27F4B734009287E2 /* LiliaZimina.jpg in Resources */,
				491A1C2C27F4B734009287E2 /* EvaDenisova.jpg in Resources */,
				49FF922B28072D8300ED648A /* CustomSearchBarView.xib in Resources */,
				491A1C2027F4B734009287E2 /* LevFedorov.jpg in Resources */,
				491A1C8427F4BEF7009287E2 /* BlackHawksBasketBallTeam.jpg in Resources */,
				491A1C2527F4B734009287E2 /* photoSecond.jpg in Resources */,
				492C372A280345D400BEA637 /* DownloadIndicatorView.xib in Resources */,
				491A1C2127F4B734009287E2 /* JohnSmith.jpg in Resources */,
				491A1C2627F4B734009287E2 /* photoThird.jpg in Resources */,
				491A1C2827F4B734009287E2 /* MironAbduraid.jpg in Resources */,
				491A1C2227F4B734009287E2 /* Mom.jpg in Resources */,
				491A1C2427F4B734009287E2 /* OlgaVinokyrova.jpg in Resources */,
				49D90B7F27DA65C00048866B /* Assets.xcassets in Resources */,
				491A1C5127F4B8FC009287E2 /* NonAvatar.jpg in Resources */,
				491A1C2727F4B734009287E2 /* photoFourth.jpg in Resources */,
				491A1C8527F4BEF7009287E2 /* RingsToOrder.jpg in Resources */,
				491A1C8C27F4BEF7009287E2 /* NewWorldArtists.jpg in Resources */,
				491A1C2E27F4B734009287E2 /* photoWomanThird.jpg in Resources */,
				491A1C8827F4BEF7009287E2 /* MoscowPhotographers.jpg in Resources */,
				491A1C8327F4BEF7009287E2 /* FloristyForBeginners.jpg in Resources */,
				491A1C2327F4B734009287E2 /* photoWomanSecond.jpg in Resources */,
				491A1C8727F4BEF7009287E2 /* AmusementParkAndromedia.jpg in Resources */,
				491A1C8627F4BEF7009287E2 /* RaftingOnRivers.jpg in Resources */,
				491A1C2927F4B734009287E2 /* photoWoman.jpg in Resources */,
				491A1C8927F4BEF7009287E2 /* HandMadeStories.jpg in Resources */,
				491A1C2D27F4B734009287E2 /* AlexandrKuznetsov.jpg in Resources */,
				491A1C8B27F4BEF7009287E2 /* ClayCrafting.jpg in Resources */,
				491A1C8D27F4BEF7009287E2 /* GeekComputerClub.jpg in Resources */,
				49D90B7D27DA65BE0048866B /* Main.storyboard in Resources */,
			);
			runOnlyForDeploymentPostprocessing = 0;
		};
/* End PBXResourcesBuildPhase section */

/* Begin PBXShellScriptBuildPhase section */
		211FB9515EC6F5B65B2DDE98 /* [CP] Embed Pods Frameworks */ = {
			isa = PBXShellScriptBuildPhase;
			buildActionMask = 2147483647;
			files = (
			);
			inputFileListPaths = (
				"${PODS_ROOT}/Target Support Files/Pods-VKApp/Pods-VKApp-frameworks-${CONFIGURATION}-input-files.xcfilelist",
			);
			name = "[CP] Embed Pods Frameworks";
			outputFileListPaths = (
				"${PODS_ROOT}/Target Support Files/Pods-VKApp/Pods-VKApp-frameworks-${CONFIGURATION}-output-files.xcfilelist",
			);
			runOnlyForDeploymentPostprocessing = 0;
			shellPath = /bin/sh;
			shellScript = "\"${PODS_ROOT}/Target Support Files/Pods-VKApp/Pods-VKApp-frameworks.sh\"\n";
			showEnvVarsInLog = 0;
		};
		4BC51E00D8364235885B60A0 /* [CP] Check Pods Manifest.lock */ = {
			isa = PBXShellScriptBuildPhase;
			buildActionMask = 2147483647;
			files = (
			);
			inputFileListPaths = (
			);
			inputPaths = (
				"${PODS_PODFILE_DIR_PATH}/Podfile.lock",
				"${PODS_ROOT}/Manifest.lock",
			);
			name = "[CP] Check Pods Manifest.lock";
			outputFileListPaths = (
			);
			outputPaths = (
				"$(DERIVED_FILE_DIR)/Pods-VKApp-checkManifestLockResult.txt",
			);
			runOnlyForDeploymentPostprocessing = 0;
			shellPath = /bin/sh;
			shellScript = "diff \"${PODS_PODFILE_DIR_PATH}/Podfile.lock\" \"${PODS_ROOT}/Manifest.lock\" > /dev/null\nif [ $? != 0 ] ; then\n    # print error to STDERR\n    echo \"error: The sandbox is not in sync with the Podfile.lock. Run 'pod install' or update your CocoaPods installation.\" >&2\n    exit 1\nfi\n# This output is used by Xcode 'outputs' to avoid re-running this script phase.\necho \"SUCCESS\" > \"${SCRIPT_OUTPUT_FILE_0}\"\n";
			showEnvVarsInLog = 0;
		};
/* End PBXShellScriptBuildPhase section */

/* Begin PBXSourcesBuildPhase section */
		49D90B6E27DA65BE0048866B /* Sources */ = {
			isa = PBXSourcesBuildPhase;
			buildActionMask = 2147483647;
			files = (
				498C292227F3340E0058EAE7 /* Group.swift in Sources */,
				492A94BF2801C6D10059C9BE /* News.swift in Sources */,
				49D90B7A27DA65BE0048866B /* LoginViewController.swift in Sources */,
				49B4237927F1C2EB0038EABE /* CircularPreviewImageView.swift in Sources */,
				498C292427F3358F0058EAE7 /* FriendsTableViewCell.swift in Sources */,
				492A94BD2801AEB40059C9BE /* NewsTableViewController.swift in Sources */,
				498C292027F333160058EAE7 /* User.swift in Sources */,
				492A94B928008DEE0059C9BE /* GrouppedFriends.swift in Sources */,
				4984269B27F5FC070078A50C /* SearchGroupTableViewCell.swift in Sources */,
				4984269527F5F4700078A50C /* GroupsTableViewController.swift in Sources */,
				492A94BB2801AE850059C9BE /* NewsTableViewCell.swift in Sources */,
				497A2CED28195DBF0009AA9A /* InteractiveTransitionDriven.swift in Sources */,
				4984269727F5F4B70078A50C /* SearchGroupTableViewController.swift in Sources */,
				4984269927F5FAF30078A50C /* GroupTableViewCell.swift in Sources */,
				491A1C9327F4CAF0009287E2 /* PreviewScaledImageView.swift in Sources */,
				49BC8FF2280D76EB005469EA /* FullScreenUserPhoto.swift in Sources */,
				49D90B7627DA65BE0048866B /* AppDelegate.swift in Sources */,
				497A2CEB28195D0C0009AA9A /* AnimationNavigationController.swift in Sources */,
				49D90B7827DA65BE0048866B /* SceneDelegate.swift in Sources */,
				49D9AAF8281A862600C6A4B7 /* Session.swift in Sources */,
				49FF92272807263400ED648A /* CustomSearchBarView.swift in Sources */,
				492A94B728007CB30059C9BE /* Photo.swift in Sources */,
				497A2CE7281822990009AA9A /* TransitionAnimation.swift in Sources */,
				498C292A27F353970058EAE7 /* FriendPhotoCollectionViewCell.swift in Sources */,
				498C292627F34F130058EAE7 /* FriendPhotosCollectionViewController.swift in Sources */,
				494CD6B828154CAF00250A56 /* CloudView.swift in Sources */,
				498F321F27F32E1400FE7EC9 /* FriendsTableViewController.swift in Sources */,
				492C372C2803476400BEA637 /* DownloadIndicatorView.swift in Sources */,
				49E3C50927FB0968001CFED4 /* ShadowView.swift in Sources */,
				49E3C50B27FB27B3001CFED4 /* LikeControl.swift in Sources */,
				49793EB227FAFCBB0091478A /* PhotoView.swift in Sources */,
			);
			runOnlyForDeploymentPostprocessing = 0;
		};
/* End PBXSourcesBuildPhase section */

/* Begin PBXVariantGroup section */
		49D90B7B27DA65BE0048866B /* Main.storyboard */ = {
			isa = PBXVariantGroup;
			children = (
				49D90B7C27DA65BE0048866B /* Base */,
			);
			name = Main.storyboard;
			sourceTree = "<group>";
		};
		49D90B8027DA65C00048866B /* LaunchScreen.storyboard */ = {
			isa = PBXVariantGroup;
			children = (
				49D90B8127DA65C00048866B /* Base */,
			);
			name = LaunchScreen.storyboard;
			sourceTree = "<group>";
		};
/* End PBXVariantGroup section */

/* Begin XCBuildConfiguration section */
		49D90B8427DA65C00048866B /* Debug */ = {
			isa = XCBuildConfiguration;
			buildSettings = {
				ALWAYS_SEARCH_USER_PATHS = NO;
				CLANG_ANALYZER_NONNULL = YES;
				CLANG_ANALYZER_NUMBER_OBJECT_CONVERSION = YES_AGGRESSIVE;
				CLANG_CXX_LANGUAGE_STANDARD = "gnu++17";
				CLANG_CXX_LIBRARY = "libc++";
				CLANG_ENABLE_MODULES = YES;
				CLANG_ENABLE_OBJC_ARC = YES;
				CLANG_ENABLE_OBJC_WEAK = YES;
				CLANG_WARN_BLOCK_CAPTURE_AUTORELEASING = YES;
				CLANG_WARN_BOOL_CONVERSION = YES;
				CLANG_WARN_COMMA = YES;
				CLANG_WARN_CONSTANT_CONVERSION = YES;
				CLANG_WARN_DEPRECATED_OBJC_IMPLEMENTATIONS = YES;
				CLANG_WARN_DIRECT_OBJC_ISA_USAGE = YES_ERROR;
				CLANG_WARN_DOCUMENTATION_COMMENTS = YES;
				CLANG_WARN_EMPTY_BODY = YES;
				CLANG_WARN_ENUM_CONVERSION = YES;
				CLANG_WARN_INFINITE_RECURSION = YES;
				CLANG_WARN_INT_CONVERSION = YES;
				CLANG_WARN_NON_LITERAL_NULL_CONVERSION = YES;
				CLANG_WARN_OBJC_IMPLICIT_RETAIN_SELF = YES;
				CLANG_WARN_OBJC_LITERAL_CONVERSION = YES;
				CLANG_WARN_OBJC_ROOT_CLASS = YES_ERROR;
				CLANG_WARN_QUOTED_INCLUDE_IN_FRAMEWORK_HEADER = YES;
				CLANG_WARN_RANGE_LOOP_ANALYSIS = YES;
				CLANG_WARN_STRICT_PROTOTYPES = YES;
				CLANG_WARN_SUSPICIOUS_MOVE = YES;
				CLANG_WARN_UNGUARDED_AVAILABILITY = YES_AGGRESSIVE;
				CLANG_WARN_UNREACHABLE_CODE = YES;
				CLANG_WARN__DUPLICATE_METHOD_MATCH = YES;
				COPY_PHASE_STRIP = NO;
				DEBUG_INFORMATION_FORMAT = dwarf;
				ENABLE_STRICT_OBJC_MSGSEND = YES;
				ENABLE_TESTABILITY = YES;
				GCC_C_LANGUAGE_STANDARD = gnu11;
				GCC_DYNAMIC_NO_PIC = NO;
				GCC_NO_COMMON_BLOCKS = YES;
				GCC_OPTIMIZATION_LEVEL = 0;
				GCC_PREPROCESSOR_DEFINITIONS = (
					"DEBUG=1",
					"$(inherited)",
				);
				GCC_WARN_64_TO_32_BIT_CONVERSION = YES;
				GCC_WARN_ABOUT_RETURN_TYPE = YES_ERROR;
				GCC_WARN_UNDECLARED_SELECTOR = YES;
				GCC_WARN_UNINITIALIZED_AUTOS = YES_AGGRESSIVE;
				GCC_WARN_UNUSED_FUNCTION = YES;
				GCC_WARN_UNUSED_VARIABLE = YES;
				IPHONEOS_DEPLOYMENT_TARGET = 15.2;
				MTL_ENABLE_DEBUG_INFO = INCLUDE_SOURCE;
				MTL_FAST_MATH = YES;
				ONLY_ACTIVE_ARCH = YES;
				SDKROOT = iphoneos;
				SWIFT_ACTIVE_COMPILATION_CONDITIONS = DEBUG;
				SWIFT_OPTIMIZATION_LEVEL = "-Onone";
			};
			name = Debug;
		};
		49D90B8527DA65C00048866B /* Release */ = {
			isa = XCBuildConfiguration;
			buildSettings = {
				ALWAYS_SEARCH_USER_PATHS = NO;
				CLANG_ANALYZER_NONNULL = YES;
				CLANG_ANALYZER_NUMBER_OBJECT_CONVERSION = YES_AGGRESSIVE;
				CLANG_CXX_LANGUAGE_STANDARD = "gnu++17";
				CLANG_CXX_LIBRARY = "libc++";
				CLANG_ENABLE_MODULES = YES;
				CLANG_ENABLE_OBJC_ARC = YES;
				CLANG_ENABLE_OBJC_WEAK = YES;
				CLANG_WARN_BLOCK_CAPTURE_AUTORELEASING = YES;
				CLANG_WARN_BOOL_CONVERSION = YES;
				CLANG_WARN_COMMA = YES;
				CLANG_WARN_CONSTANT_CONVERSION = YES;
				CLANG_WARN_DEPRECATED_OBJC_IMPLEMENTATIONS = YES;
				CLANG_WARN_DIRECT_OBJC_ISA_USAGE = YES_ERROR;
				CLANG_WARN_DOCUMENTATION_COMMENTS = YES;
				CLANG_WARN_EMPTY_BODY = YES;
				CLANG_WARN_ENUM_CONVERSION = YES;
				CLANG_WARN_INFINITE_RECURSION = YES;
				CLANG_WARN_INT_CONVERSION = YES;
				CLANG_WARN_NON_LITERAL_NULL_CONVERSION = YES;
				CLANG_WARN_OBJC_IMPLICIT_RETAIN_SELF = YES;
				CLANG_WARN_OBJC_LITERAL_CONVERSION = YES;
				CLANG_WARN_OBJC_ROOT_CLASS = YES_ERROR;
				CLANG_WARN_QUOTED_INCLUDE_IN_FRAMEWORK_HEADER = YES;
				CLANG_WARN_RANGE_LOOP_ANALYSIS = YES;
				CLANG_WARN_STRICT_PROTOTYPES = YES;
				CLANG_WARN_SUSPICIOUS_MOVE = YES;
				CLANG_WARN_UNGUARDED_AVAILABILITY = YES_AGGRESSIVE;
				CLANG_WARN_UNREACHABLE_CODE = YES;
				CLANG_WARN__DUPLICATE_METHOD_MATCH = YES;
				COPY_PHASE_STRIP = NO;
				DEBUG_INFORMATION_FORMAT = "dwarf-with-dsym";
				ENABLE_NS_ASSERTIONS = NO;
				ENABLE_STRICT_OBJC_MSGSEND = YES;
				GCC_C_LANGUAGE_STANDARD = gnu11;
				GCC_NO_COMMON_BLOCKS = YES;
				GCC_WARN_64_TO_32_BIT_CONVERSION = YES;
				GCC_WARN_ABOUT_RETURN_TYPE = YES_ERROR;
				GCC_WARN_UNDECLARED_SELECTOR = YES;
				GCC_WARN_UNINITIALIZED_AUTOS = YES_AGGRESSIVE;
				GCC_WARN_UNUSED_FUNCTION = YES;
				GCC_WARN_UNUSED_VARIABLE = YES;
				IPHONEOS_DEPLOYMENT_TARGET = 15.2;
				MTL_ENABLE_DEBUG_INFO = NO;
				MTL_FAST_MATH = YES;
				SDKROOT = iphoneos;
				SWIFT_COMPILATION_MODE = wholemodule;
				SWIFT_OPTIMIZATION_LEVEL = "-O";
				VALIDATE_PRODUCT = YES;
			};
			name = Release;
		};
		49D90B8727DA65C00048866B /* Debug */ = {
			isa = XCBuildConfiguration;
			baseConfigurationReference = 0BF30E29578E494AC9DF68D0 /* Pods-VKApp.debug.xcconfig */;
			buildSettings = {
				ASSETCATALOG_COMPILER_APPICON_NAME = AppIcon;
				ASSETCATALOG_COMPILER_GLOBAL_ACCENT_COLOR_NAME = AccentColor;
				CODE_SIGN_STYLE = Automatic;
				CURRENT_PROJECT_VERSION = 1;
				DEVELOPMENT_TEAM = 277JX9R2RP;
				GENERATE_INFOPLIST_FILE = YES;
				INFOPLIST_FILE = VKApp/Resources/Info.plist;
				INFOPLIST_KEY_UIApplicationSupportsIndirectInputEvents = YES;
				INFOPLIST_KEY_UILaunchStoryboardName = LaunchScreen;
				INFOPLIST_KEY_UIMainStoryboardFile = Main;
				INFOPLIST_KEY_UISupportedInterfaceOrientations = "";
				INFOPLIST_KEY_UISupportedInterfaceOrientations_iPad = "UIInterfaceOrientationPortrait UIInterfaceOrientationPortraitUpsideDown UIInterfaceOrientationLandscapeLeft UIInterfaceOrientationLandscapeRight";
				INFOPLIST_KEY_UISupportedInterfaceOrientations_iPhone = "UIInterfaceOrientationPortrait UIInterfaceOrientationLandscapeLeft UIInterfaceOrientationLandscapeRight";
				LD_RUNPATH_SEARCH_PATHS = (
					"$(inherited)",
					"@executable_path/Frameworks",
				);
				MARKETING_VERSION = 1.0;
				PRODUCT_BUNDLE_IDENTIFIER = "Mayer-Inc.VKApp";
				PRODUCT_NAME = "$(TARGET_NAME)";
				SWIFT_EMIT_LOC_STRINGS = YES;
				SWIFT_VERSION = 5.0;
				TARGETED_DEVICE_FAMILY = "1,2";
			};
			name = Debug;
		};
		49D90B8827DA65C00048866B /* Release */ = {
			isa = XCBuildConfiguration;
			baseConfigurationReference = 5C11E822E5CA2AEAF4597E55 /* Pods-VKApp.release.xcconfig */;
			buildSettings = {
				ASSETCATALOG_COMPILER_APPICON_NAME = AppIcon;
				ASSETCATALOG_COMPILER_GLOBAL_ACCENT_COLOR_NAME = AccentColor;
				CODE_SIGN_STYLE = Automatic;
				CURRENT_PROJECT_VERSION = 1;
				DEVELOPMENT_TEAM = 277JX9R2RP;
				GENERATE_INFOPLIST_FILE = YES;
				INFOPLIST_FILE = VKApp/Resources/Info.plist;
				INFOPLIST_KEY_UIApplicationSupportsIndirectInputEvents = YES;
				INFOPLIST_KEY_UILaunchStoryboardName = LaunchScreen;
				INFOPLIST_KEY_UIMainStoryboardFile = Main;
				INFOPLIST_KEY_UISupportedInterfaceOrientations = "";
				INFOPLIST_KEY_UISupportedInterfaceOrientations_iPad = "UIInterfaceOrientationPortrait UIInterfaceOrientationPortraitUpsideDown UIInterfaceOrientationLandscapeLeft UIInterfaceOrientationLandscapeRight";
				INFOPLIST_KEY_UISupportedInterfaceOrientations_iPhone = "UIInterfaceOrientationPortrait UIInterfaceOrientationLandscapeLeft UIInterfaceOrientationLandscapeRight";
				LD_RUNPATH_SEARCH_PATHS = (
					"$(inherited)",
					"@executable_path/Frameworks",
				);
				MARKETING_VERSION = 1.0;
				PRODUCT_BUNDLE_IDENTIFIER = "Mayer-Inc.VKApp";
				PRODUCT_NAME = "$(TARGET_NAME)";
				SWIFT_EMIT_LOC_STRINGS = YES;
				SWIFT_VERSION = 5.0;
				TARGETED_DEVICE_FAMILY = "1,2";
			};
			name = Release;
		};
/* End XCBuildConfiguration section */

/* Begin XCConfigurationList section */
		49D90B6D27DA65BE0048866B /* Build configuration list for PBXProject "VKApp" */ = {
			isa = XCConfigurationList;
			buildConfigurations = (
				49D90B8427DA65C00048866B /* Debug */,
				49D90B8527DA65C00048866B /* Release */,
			);
			defaultConfigurationIsVisible = 0;
			defaultConfigurationName = Release;
		};
		49D90B8627DA65C00048866B /* Build configuration list for PBXNativeTarget "VKApp" */ = {
			isa = XCConfigurationList;
			buildConfigurations = (
				49D90B8727DA65C00048866B /* Debug */,
				49D90B8827DA65C00048866B /* Release */,
			);
			defaultConfigurationIsVisible = 0;
			defaultConfigurationName = Release;
		};
/* End XCConfigurationList section */
	};
	rootObject = 49D90B6A27DA65BE0048866B /* Project object */;
}
